
Microsoft Visual Studio Solution File, Format Version 12.00
# Visual Studio Version 17
VisualStudioVersion = 17.7.34009.444
MinimumVisualStudioVersion = 10.0.40219.1
Project("{FAE04EC0-301F-11D3-BF4B-00C04F79EFBC}") = "TechProjectHub", "TechProjectHub\TechProjectHub.csproj", "{787B60B6-D6F1-49C7-BFD3-3E747A67E087}"
EndProject
Global
	GlobalSection(SolutionConfigurationPlatforms) = preSolution
		Debug|Any CPU = Debug|Any CPU
		Release|Any CPU = Release|Any CPU
	EndGlobalSection
	GlobalSection(ProjectConfigurationPlatforms) = postSolution
		{787B60B6-D6F1-49C7-BFD3-3E747A67E087}.Debug|Any CPU.ActiveCfg = Debug|Any CPU
		{787B60B6-D6F1-49C7-BFD3-3E747A67E087}.Debug|Any CPU.Build.0 = Debug|Any CPU
		{787B60B6-D6F1-49C7-BFD3-3E747A67E087}.Release|Any CPU.ActiveCfg = Release|Any CPU
		{787B60B6-D6F1-49C7-BFD3-3E747A67E087}.Release|Any CPU.Build.0 = Release|Any CPU
	EndGlobalSection
	GlobalSection(SolutionProperties) = preSolution
		HideSolutionNode = FALSE
	EndGlobalSection
	GlobalSection(ExtensibilityGlobals) = postSolution
		SolutionGuid = {07DE5B59-E665-4260-81F3-39E110445F6F}
	EndGlobalSection
EndGlobal
